
Microsoft Visual Studio Solution File, Format Version 12.00
# Visual Studio Version 17
VisualStudioVersion = 17.8.34525.116
MinimumVisualStudioVersion = 10.0.40219.1
Project("{FAE04EC0-301F-11D3-BF4B-00C04F79EFBC}") = "TaskFlow", "TaskFlow\TaskFlow.csproj", "{376693D0-9558-4CA6-9BD4-26F3CC4443BD}"
EndProject
Global
	GlobalSection(SolutionConfigurationPlatforms) = preSolution
		Debug|Any CPU = Debug|Any CPU
		Release|Any CPU = Release|Any CPU
	EndGlobalSection
	GlobalSection(ProjectConfigurationPlatforms) = postSolution
		{376693D0-9558-4CA6-9BD4-26F3CC4443BD}.Debug|Any CPU.ActiveCfg = Debug|Any CPU
		{376693D0-9558-4CA6-9BD4-26F3CC4443BD}.Debug|Any CPU.Build.0 = Debug|Any CPU
		{376693D0-9558-4CA6-9BD4-26F3CC4443BD}.Release|Any CPU.ActiveCfg = Release|Any CPU
		{376693D0-9558-4CA6-9BD4-26F3CC4443BD}.Release|Any CPU.Build.0 = Release|Any CPU
	EndGlobalSection
	GlobalSection(SolutionProperties) = preSolution
		HideSolutionNode = FALSE
	EndGlobalSection
	GlobalSection(ExtensibilityGlobals) = postSolution
		SolutionGuid = {355D74B6-E00C-4C13-8A8D-1EB6C5B281A0}
	EndGlobalSection
EndGlobal
